
Microsoft Visual Studio Solution File, Format Version 12.00
# Visual Studio Version 16
VisualStudioVersion = 16.0.30717.126
MinimumVisualStudioVersion = 10.0.40219.1
Project("{8BC9CEB8-8B4A-11D0-8D11-00A0C91BC942}") = "libfivemumble", "libfivemumble\libfivemumble.vcxproj", "{FB016884-C6A0-4675-97A5-74B2760F74E5}"
	ProjectSection(ProjectDependencies) = postProject
		{0CC54D48-850E-3122-90C4-19F64DEB1ACA} = {0CC54D48-850E-3122-90C4-19F64DEB1ACA}
	EndProjectSection
EndProject
Project("{8BC9CEB8-8B4A-11D0-8D11-00A0C91BC942}") = "libprotobuf", "protobuf\libprotobuf.vcxproj", "{0CC54D48-850E-3122-90C4-19F64DEB1ACA}"
EndProject
Project("{8BC9CEB8-8B4A-11D0-8D11-00A0C91BC942}") = "testapp", "testapp\testapp.vcxproj", "{1DAE1F10-052B-4BE9-BBF2-303F6C94DE5F}"
	ProjectSection(ProjectDependencies) = postProject
		{FB016884-C6A0-4675-97A5-74B2760F74E5} = {FB016884-C6A0-4675-97A5-74B2760F74E5}
	EndProjectSection
EndProject
Project("{8BC9CEB8-8B4A-11D0-8D11-00A0C91BC942}") = "uv", "libuv\uv.vcxproj", "{7CABC2CF-075C-3ECC-92F5-04580CB4480D}"
EndProject
Project("{8BC9CEB8-8B4A-11D0-8D11-00A0C91BC942}") = "enet", "enet\enet.vcxproj", "{1D075A00-C067-4CB3-A1DF-57CD95082875}"
EndProject
Project("{8BC9CEB8-8B4A-11D0-8D11-00A0C91BC942}") = "botan", "botan\botan.vcxproj", "{E0FDC75C-3D16-4A18-AEAA-3DCC5BDDA106}"
EndProject
Project("{8BC9CEB8-8B4A-11D0-8D11-00A0C91BC942}") = "tbb", "tbb\tbb.vcxproj", "{02642089-EA2A-4D18-BDB3-92D6E549D9C6}"
EndProject
Project("{8BC9CEB8-8B4A-11D0-8D11-00A0C91BC942}") = "LabSound", "labsound\LabSound.vcxproj", "{49E752BA-00B5-3C55-9E80-263A6B5502E7}"
EndProject
Project("{8BC9CEB8-8B4A-11D0-8D11-00A0C91BC942}") = "libnyquist", "labsound\third_party\libnyquist\libnyquist.vcxproj", "{72DFF787-0D40-3D07-9AAB-1CB18B969925}"
EndProject
Project("{8BC9CEB8-8B4A-11D0-8D11-00A0C91BC942}") = "libopus", "labsound\third_party\libnyquist\libopus.vcxproj", "{A69F569B-DC34-3B84-A8EB-18ECA6B2F4E3}"
EndProject
Project("{8BC9CEB8-8B4A-11D0-8D11-00A0C91BC942}") = "libwavpack", "labsound\third_party\libnyquist\libwavpack.vcxproj", "{195A366C-EE04-3D88-8B2E-13FB5EC680E2}"
EndProject
Global
	GlobalSection(SolutionConfigurationPlatforms) = preSolution
		Debug|x64 = Debug|x64
		Debug|x86 = Debug|x86
		Debug-MT|x64 = Debug-MT|x64
		Debug-MT|x86 = Debug-MT|x86
		MinSizeRel|x64 = MinSizeRel|x64
		MinSizeRel|x86 = MinSizeRel|x86
		Release|x64 = Release|x64
		Release|x86 = Release|x86
		Release-MT|x64 = Release-MT|x64
		Release-MT|x86 = Release-MT|x86
		RelWithDebInfo|x64 = RelWithDebInfo|x64
		RelWithDebInfo|x86 = RelWithDebInfo|x86
	EndGlobalSection
	GlobalSection(ProjectConfigurationPlatforms) = postSolution
		{FB016884-C6A0-4675-97A5-74B2760F74E5}.Debug|x64.ActiveCfg = Debug|Win32
		{FB016884-C6A0-4675-97A5-74B2760F74E5}.Debug|x86.ActiveCfg = Debug|Win32
		{FB016884-C6A0-4675-97A5-74B2760F74E5}.Debug|x86.Build.0 = Debug|Win32
		{FB016884-C6A0-4675-97A5-74B2760F74E5}.Debug-MT|x64.ActiveCfg = Release|Win32
		{FB016884-C6A0-4675-97A5-74B2760F74E5}.Debug-MT|x64.Build.0 = Release|Win32
		{FB016884-C6A0-4675-97A5-74B2760F74E5}.Debug-MT|x86.ActiveCfg = Debug|Win32
		{FB016884-C6A0-4675-97A5-74B2760F74E5}.Debug-MT|x86.Build.0 = Debug|Win32
		{FB016884-C6A0-4675-97A5-74B2760F74E5}.MinSizeRel|x64.ActiveCfg = Release|Win32
		{FB016884-C6A0-4675-97A5-74B2760F74E5}.MinSizeRel|x64.Build.0 = Release|Win32
		{FB016884-C6A0-4675-97A5-74B2760F74E5}.MinSizeRel|x86.ActiveCfg = Release|Win32
		{FB016884-C6A0-4675-97A5-74B2760F74E5}.MinSizeRel|x86.Build.0 = Release|Win32
		{FB016884-C6A0-4675-97A5-74B2760F74E5}.Release|x64.ActiveCfg = Release|Win32
		{FB016884-C6A0-4675-97A5-74B2760F74E5}.Release|x86.ActiveCfg = Release|Win32
		{FB016884-C6A0-4675-97A5-74B2760F74E5}.Release|x86.Build.0 = Release|Win32
		{FB016884-C6A0-4675-97A5-74B2760F74E5}.Release-MT|x64.ActiveCfg = Release|Win32
		{FB016884-C6A0-4675-97A5-74B2760F74E5}.Release-MT|x64.Build.0 = Release|Win32
		{FB016884-C6A0-4675-97A5-74B2760F74E5}.Release-MT|x86.ActiveCfg = Release|Win32
		{FB016884-C6A0-4675-97A5-74B2760F74E5}.Release-MT|x86.Build.0 = Release|Win32
		{FB016884-C6A0-4675-97A5-74B2760F74E5}.RelWithDebInfo|x64.ActiveCfg = Release|Win32
		{FB016884-C6A0-4675-97A5-74B2760F74E5}.RelWithDebInfo|x64.Build.0 = Release|Win32
		{FB016884-C6A0-4675-97A5-74B2760F74E5}.RelWithDebInfo|x86.ActiveCfg = Release|Win32
		{FB016884-C6A0-4675-97A5-74B2760F74E5}.RelWithDebInfo|x86.Build.0 = Release|Win32
		{0CC54D48-850E-3122-90C4-19F64DEB1ACA}.Debug|x64.ActiveCfg = Debug|Win32
		{0CC54D48-850E-3122-90C4-19F64DEB1ACA}.Debug|x86.ActiveCfg = Debug|Win32
		{0CC54D48-850E-3122-90C4-19F64DEB1ACA}.Debug|x86.Build.0 = Debug|Win32
		{0CC54D48-850E-3122-90C4-19F64DEB1ACA}.Debug-MT|x64.ActiveCfg = RelWithDebInfo|Win32
		{0CC54D48-850E-3122-90C4-19F64DEB1ACA}.Debug-MT|x64.Build.0 = RelWithDebInfo|Win32
		{0CC54D48-850E-3122-90C4-19F64DEB1ACA}.Debug-MT|x86.ActiveCfg = Debug|Win32
		{0CC54D48-850E-3122-90C4-19F64DEB1ACA}.Debug-MT|x86.Build.0 = Debug|Win32
		{0CC54D48-850E-3122-90C4-19F64DEB1ACA}.MinSizeRel|x64.ActiveCfg = MinSizeRel|Win32
		{0CC54D48-850E-3122-90C4-19F64DEB1ACA}.MinSizeRel|x86.ActiveCfg = MinSizeRel|Win32
		{0CC54D48-850E-3122-90C4-19F64DEB1ACA}.MinSizeRel|x86.Build.0 = MinSizeRel|Win32
		{0CC54D48-850E-3122-90C4-19F64DEB1ACA}.Release|x64.ActiveCfg = Release|Win32
		{0CC54D48-850E-3122-90C4-19F64DEB1ACA}.Release|x86.ActiveCfg = Release|Win32
		{0CC54D48-850E-3122-90C4-19F64DEB1ACA}.Release|x86.Build.0 = Release|Win32
		{0CC54D48-850E-3122-90C4-19F64DEB1ACA}.Release-MT|x64.ActiveCfg = RelWithDebInfo|Win32
		{0CC54D48-850E-3122-90C4-19F64DEB1ACA}.Release-MT|x64.Build.0 = RelWithDebInfo|Win32
		{0CC54D48-850E-3122-90C4-19F64DEB1ACA}.Release-MT|x86.ActiveCfg = Release|Win32
		{0CC54D48-850E-3122-90C4-19F64DEB1ACA}.Release-MT|x86.Build.0 = Release|Win32
		{0CC54D48-850E-3122-90C4-19F64DEB1ACA}.RelWithDebInfo|x64.ActiveCfg = RelWithDebInfo|Win32
		{0CC54D48-850E-3122-90C4-19F64DEB1ACA}.RelWithDebInfo|x86.ActiveCfg = RelWithDebInfo|Win32
		{0CC54D48-850E-3122-90C4-19F64DEB1ACA}.RelWithDebInfo|x86.Build.0 = RelWithDebInfo|Win32
		{1DAE1F10-052B-4BE9-BBF2-303F6C94DE5F}.Debug|x64.ActiveCfg = Debug|x64
		{1DAE1F10-052B-4BE9-BBF2-303F6C94DE5F}.Debug|x64.Build.0 = Debug|x64
		{1DAE1F10-052B-4BE9-BBF2-303F6C94DE5F}.Debug|x86.ActiveCfg = Debug|Win32
		{1DAE1F10-052B-4BE9-BBF2-303F6C94DE5F}.Debug|x86.Build.0 = Debug|Win32
		{1DAE1F10-052B-4BE9-BBF2-303F6C94DE5F}.Debug-MT|x64.ActiveCfg = Debug|x64
		{1DAE1F10-052B-4BE9-BBF2-303F6C94DE5F}.Debug-MT|x64.Build.0 = Debug|x64
		{1DAE1F10-052B-4BE9-BBF2-303F6C94DE5F}.Debug-MT|x86.ActiveCfg = Debug|Win32
		{1DAE1F10-052B-4BE9-BBF2-303F6C94DE5F}.Debug-MT|x86.Build.0 = Debug|Win32
		{1DAE1F10-052B-4BE9-BBF2-303F6C94DE5F}.MinSizeRel|x64.ActiveCfg = Debug|x64
		{1DAE1F10-052B-4BE9-BBF2-303F6C94DE5F}.MinSizeRel|x64.Build.0 = Debug|x64
		{1DAE1F10-052B-4BE9-BBF2-303F6C94DE5F}.MinSizeRel|x86.ActiveCfg = Debug|Win32
		{1DAE1F10-052B-4BE9-BBF2-303F6C94DE5F}.MinSizeRel|x86.Build.0 = Debug|Win32
		{1DAE1F10-052B-4BE9-BBF2-303F6C94DE5F}.Release|x64.ActiveCfg = Release|x64
		{1DAE1F10-052B-4BE9-BBF2-303F6C94DE5F}.Release|x64.Build.0 = Release|x64
		{1DAE1F10-052B-4BE9-BBF2-303F6C94DE5F}.Release|x86.ActiveCfg = Release|Win32
		{1DAE1F10-052B-4BE9-BBF2-303F6C94DE5F}.Release|x86.Build.0 = Release|Win32
		{1DAE1F10-052B-4BE9-BBF2-303F6C94DE5F}.Release-MT|x64.ActiveCfg = Release|x64
		{1DAE1F10-052B-4BE9-BBF2-303F6C94DE5F}.Release-MT|x64.Build.0 = Release|x64
		{1DAE1F10-052B-4BE9-BBF2-303F6C94DE5F}.Release-MT|x86.ActiveCfg = Release|Win32
		{1DAE1F10-052B-4BE9-BBF2-303F6C94DE5F}.Release-MT|x86.Build.0 = Release|Win32
		{1DAE1F10-052B-4BE9-BBF2-303F6C94DE5F}.RelWithDebInfo|x64.ActiveCfg = Release|x64
		{1DAE1F10-052B-4BE9-BBF2-303F6C94DE5F}.RelWithDebInfo|x64.Build.0 = Release|x64
		{1DAE1F10-052B-4BE9-BBF2-303F6C94DE5F}.RelWithDebInfo|x86.ActiveCfg = Release|Win32
		{1DAE1F10-052B-4BE9-BBF2-303F6C94DE5F}.RelWithDebInfo|x86.Build.0 = Release|Win32
		{7CABC2CF-075C-3ECC-92F5-04580CB4480D}.Debug|x64.ActiveCfg = Debug|Win32
		{7CABC2CF-075C-3ECC-92F5-04580CB4480D}.Debug|x86.ActiveCfg = Debug|Win32
		{7CABC2CF-075C-3ECC-92F5-04580CB4480D}.Debug|x86.Build.0 = Debug|Win32
		{7CABC2CF-075C-3ECC-92F5-04580CB4480D}.Debug-MT|x64.ActiveCfg = RelWithDebInfo|Win32
		{7CABC2CF-075C-3ECC-92F5-04580CB4480D}.Debug-MT|x64.Build.0 = RelWithDebInfo|Win32
		{7CABC2CF-075C-3ECC-92F5-04580CB4480D}.Debug-MT|x86.ActiveCfg = Debug|Win32
		{7CABC2CF-075C-3ECC-92F5-04580CB4480D}.Debug-MT|x86.Build.0 = Debug|Win32
		{7CABC2CF-075C-3ECC-92F5-04580CB4480D}.MinSizeRel|x64.ActiveCfg = MinSizeRel|Win32
		{7CABC2CF-075C-3ECC-92F5-04580CB4480D}.MinSizeRel|x86.ActiveCfg = MinSizeRel|Win32
		{7CABC2CF-075C-3ECC-92F5-04580CB4480D}.MinSizeRel|x86.Build.0 = MinSizeRel|Win32
		{7CABC2CF-075C-3ECC-92F5-04580CB4480D}.Release|x64.ActiveCfg = Release|Win32
		{7CABC2CF-075C-3ECC-92F5-04580CB4480D}.Release|x86.ActiveCfg = Release|Win32
		{7CABC2CF-075C-3ECC-92F5-04580CB4480D}.Release|x86.Build.0 = Release|Win32
		{7CABC2CF-075C-3ECC-92F5-04580CB4480D}.Release-MT|x64.ActiveCfg = RelWithDebInfo|Win32
		{7CABC2CF-075C-3ECC-92F5-04580CB4480D}.Release-MT|x64.Build.0 = RelWithDebInfo|Win32
		{7CABC2CF-075C-3ECC-92F5-04580CB4480D}.Release-MT|x86.ActiveCfg = Release|Win32
		{7CABC2CF-075C-3ECC-92F5-04580CB4480D}.Release-MT|x86.Build.0 = Release|Win32
		{7CABC2CF-075C-3ECC-92F5-04580CB4480D}.RelWithDebInfo|x64.ActiveCfg = RelWithDebInfo|Win32
		{7CABC2CF-075C-3ECC-92F5-04580CB4480D}.RelWithDebInfo|x86.ActiveCfg = RelWithDebInfo|Win32
		{7CABC2CF-075C-3ECC-92F5-04580CB4480D}.RelWithDebInfo|x86.Build.0 = RelWithDebInfo|Win32
		{1D075A00-C067-4CB3-A1DF-57CD95082875}.Debug|x64.ActiveCfg = Debug|x64
		{1D075A00-C067-4CB3-A1DF-57CD95082875}.Debug|x64.Build.0 = Debug|x64
		{1D075A00-C067-4CB3-A1DF-57CD95082875}.Debug|x86.ActiveCfg = Debug|Win32
		{1D075A00-C067-4CB3-A1DF-57CD95082875}.Debug|x86.Build.0 = Debug|Win32
		{1D075A00-C067-4CB3-A1DF-57CD95082875}.Debug-MT|x64.ActiveCfg = Debug|x64
		{1D075A00-C067-4CB3-A1DF-57CD95082875}.Debug-MT|x64.Build.0 = Debug|x64
		{1D075A00-C067-4CB3-A1DF-57CD95082875}.Debug-MT|x86.ActiveCfg = Debug|Win32
		{1D075A00-C067-4CB3-A1DF-57CD95082875}.Debug-MT|x86.Build.0 = Debug|Win32
		{1D075A00-C067-4CB3-A1DF-57CD95082875}.MinSizeRel|x64.ActiveCfg = Debug|x64
		{1D075A00-C067-4CB3-A1DF-57CD95082875}.MinSizeRel|x64.Build.0 = Debug|x64
		{1D075A00-C067-4CB3-A1DF-57CD95082875}.MinSizeRel|x86.ActiveCfg = Debug|Win32
		{1D075A00-C067-4CB3-A1DF-57CD95082875}.MinSizeRel|x86.Build.0 = Debug|Win32
		{1D075A00-C067-4CB3-A1DF-57CD95082875}.Release|x64.ActiveCfg = Release|x64
		{1D075A00-C067-4CB3-A1DF-57CD95082875}.Release|x64.Build.0 = Release|x64
		{1D075A00-C067-4CB3-A1DF-57CD95082875}.Release|x86.ActiveCfg = Release|Win32
		{1D075A00-C067-4CB3-A1DF-57CD95082875}.Release|x86.Build.0 = Release|Win32
		{1D075A00-C067-4CB3-A1DF-57CD95082875}.Release-MT|x64.ActiveCfg = Release|x64
		{1D075A00-C067-4CB3-A1DF-57CD95082875}.Release-MT|x64.Build.0 = Release|x64
		{1D075A00-C067-4CB3-A1DF-57CD95082875}.Release-MT|x86.ActiveCfg = Release|Win32
		{1D075A00-C067-4CB3-A1DF-57CD95082875}.Release-MT|x86.Build.0 = Release|Win32
		{1D075A00-C067-4CB3-A1DF-57CD95082875}.RelWithDebInfo|x64.ActiveCfg = Release|x64
		{1D075A00-C067-4CB3-A1DF-57CD95082875}.RelWithDebInfo|x64.Build.0 = Release|x64
		{1D075A00-C067-4CB3-A1DF-57CD95082875}.RelWithDebInfo|x86.ActiveCfg = Release|Win32
		{1D075A00-C067-4CB3-A1DF-57CD95082875}.RelWithDebInfo|x86.Build.0 = Release|Win32
		{E0FDC75C-3D16-4A18-AEAA-3DCC5BDDA106}.Debug|x64.ActiveCfg = Debug|x64
		{E0FDC75C-3D16-4A18-AEAA-3DCC5BDDA106}.Debug|x64.Build.0 = Debug|x64
		{E0FDC75C-3D16-4A18-AEAA-3DCC5BDDA106}.Debug|x86.ActiveCfg = Debug|Win32
		{E0FDC75C-3D16-4A18-AEAA-3DCC5BDDA106}.Debug|x86.Build.0 = Debug|Win32
		{E0FDC75C-3D16-4A18-AEAA-3DCC5BDDA106}.Debug-MT|x64.ActiveCfg = Debug|x64
		{E0FDC75C-3D16-4A18-AEAA-3DCC5BDDA106}.Debug-MT|x64.Build.0 = Debug|x64
		{E0FDC75C-3D16-4A18-AEAA-3DCC5BDDA106}.Debug-MT|x86.ActiveCfg = Debug|Win32
		{E0FDC75C-3D16-4A18-AEAA-3DCC5BDDA106}.Debug-MT|x86.Build.0 = Debug|Win32
		{E0FDC75C-3D16-4A18-AEAA-3DCC5BDDA106}.MinSizeRel|x64.ActiveCfg = Debug|x64
		{E0FDC75C-3D16-4A18-AEAA-3DCC5BDDA106}.MinSizeRel|x64.Build.0 = Debug|x64
		{E0FDC75C-3D16-4A18-AEAA-3DCC5BDDA106}.MinSizeRel|x86.ActiveCfg = Debug|Win32
		{E0FDC75C-3D16-4A18-AEAA-3DCC5BDDA106}.MinSizeRel|x86.Build.0 = Debug|Win32
		{E0FDC75C-3D16-4A18-AEAA-3DCC5BDDA106}.Release|x64.ActiveCfg = Release|x64
		{E0FDC75C-3D16-4A18-AEAA-3DCC5BDDA106}.Release|x64.Build.0 = Release|x64
		{E0FDC75C-3D16-4A18-AEAA-3DCC5BDDA106}.Release|x86.ActiveCfg = Release|Win32
		{E0FDC75C-3D16-4A18-AEAA-3DCC5BDDA106}.Release|x86.Build.0 = Release|Win32
		{E0FDC75C-3D16-4A18-AEAA-3DCC5BDDA106}.Release-MT|x64.ActiveCfg = Release|x64
		{E0FDC75C-3D16-4A18-AEAA-3DCC5BDDA106}.Release-MT|x64.Build.0 = Release|x64
		{E0FDC75C-3D16-4A18-AEAA-3DCC5BDDA106}.Release-MT|x86.ActiveCfg = Release|Win32
		{E0FDC75C-3D16-4A18-AEAA-3DCC5BDDA106}.Release-MT|x86.Build.0 = Release|Win32
		{E0FDC75C-3D16-4A18-AEAA-3DCC5BDDA106}.RelWithDebInfo|x64.ActiveCfg = Release|x64
		{E0FDC75C-3D16-4A18-AEAA-3DCC5BDDA106}.RelWithDebInfo|x64.Build.0 = Release|x64
		{E0FDC75C-3D16-4A18-AEAA-3DCC5BDDA106}.RelWithDebInfo|x86.ActiveCfg = Release|Win32
		{E0FDC75C-3D16-4A18-AEAA-3DCC5BDDA106}.RelWithDebInfo|x86.Build.0 = Release|Win32
		{02642089-EA2A-4D18-BDB3-92D6E549D9C6}.Debug|x64.ActiveCfg = Debug|x64
		{02642089-EA2A-4D18-BDB3-92D6E549D9C6}.Debug|x64.Build.0 = Debug|x64
		{02642089-EA2A-4D18-BDB3-92D6E549D9C6}.Debug|x86.ActiveCfg = Debug|Win32
		{02642089-EA2A-4D18-BDB3-92D6E549D9C6}.Debug|x86.Build.0 = Debug|Win32
		{02642089-EA2A-4D18-BDB3-92D6E549D9C6}.Debug-MT|x64.ActiveCfg = Debug|x64
		{02642089-EA2A-4D18-BDB3-92D6E549D9C6}.Debug-MT|x64.Build.0 = Debug|x64
		{02642089-EA2A-4D18-BDB3-92D6E549D9C6}.Debug-MT|x86.ActiveCfg = Debug|Win32
		{02642089-EA2A-4D18-BDB3-92D6E549D9C6}.Debug-MT|x86.Build.0 = Debug|Win32
		{02642089-EA2A-4D18-BDB3-92D6E549D9C6}.MinSizeRel|x64.ActiveCfg = Debug|x64
		{02642089-EA2A-4D18-BDB3-92D6E549D9C6}.MinSizeRel|x64.Build.0 = Debug|x64
		{02642089-EA2A-4D18-BDB3-92D6E549D9C6}.MinSizeRel|x86.ActiveCfg = Debug|Win32
		{02642089-EA2A-4D18-BDB3-92D6E549D9C6}.MinSizeRel|x86.Build.0 = Debug|Win32
		{02642089-EA2A-4D18-BDB3-92D6E549D9C6}.Release|x64.ActiveCfg = Release|x64
		{02642089-EA2A-4D18-BDB3-92D6E549D9C6}.Release|x64.Build.0 = Release|x64
		{02642089-EA2A-4D18-BDB3-92D6E549D9C6}.Release|x86.ActiveCfg = Release|Win32
		{02642089-EA2A-4D18-BDB3-92D6E549D9C6}.Release|x86.Build.0 = Release|Win32
		{02642089-EA2A-4D18-BDB3-92D6E549D9C6}.Release-MT|x64.ActiveCfg = Release|x64
		{02642089-EA2A-4D18-BDB3-92D6E549D9C6}.Release-MT|x64.Build.0 = Release|x64
		{02642089-EA2A-4D18-BDB3-92D6E549D9C6}.Release-MT|x86.ActiveCfg = Release|Win32
		{02642089-EA2A-4D18-BDB3-92D6E549D9C6}.Release-MT|x86.Build.0 = Release|Win32
		{02642089-EA2A-4D18-BDB3-92D6E549D9C6}.RelWithDebInfo|x64.ActiveCfg = Release|x64
		{02642089-EA2A-4D18-BDB3-92D6E549D9C6}.RelWithDebInfo|x64.Build.0 = Release|x64
		{02642089-EA2A-4D18-BDB3-92D6E549D9C6}.RelWithDebInfo|x86.ActiveCfg = Release|Win32
		{02642089-EA2A-4D18-BDB3-92D6E549D9C6}.RelWithDebInfo|x86.Build.0 = Release|Win32
		{49E752BA-00B5-3C55-9E80-263A6B5502E7}.Debug|x64.ActiveCfg = Debug|Win32
		{49E752BA-00B5-3C55-9E80-263A6B5502E7}.Debug|x86.ActiveCfg = Debug|Win32
		{49E752BA-00B5-3C55-9E80-263A6B5502E7}.Debug|x86.Build.0 = Debug|Win32
		{49E752BA-00B5-3C55-9E80-263A6B5502E7}.Debug-MT|x64.ActiveCfg = Debug|Win32
		{49E752BA-00B5-3C55-9E80-263A6B5502E7}.Debug-MT|x64.Build.0 = Debug|Win32
		{49E752BA-00B5-3C55-9E80-263A6B5502E7}.Debug-MT|x86.ActiveCfg = Debug|Win32
		{49E752BA-00B5-3C55-9E80-263A6B5502E7}.Debug-MT|x86.Build.0 = Debug|Win32
		{49E752BA-00B5-3C55-9E80-263A6B5502E7}.MinSizeRel|x64.ActiveCfg = MinSizeRel|Win32
		{49E752BA-00B5-3C55-9E80-263A6B5502E7}.MinSizeRel|x86.ActiveCfg = MinSizeRel|Win32
		{49E752BA-00B5-3C55-9E80-263A6B5502E7}.MinSizeRel|x86.Build.0 = MinSizeRel|Win32
		{49E752BA-00B5-3C55-9E80-263A6B5502E7}.Release|x64.ActiveCfg = Release|Win32
		{49E752BA-00B5-3C55-9E80-263A6B5502E7}.Release|x86.ActiveCfg = Release|Win32
		{49E752BA-00B5-3C55-9E80-263A6B5502E7}.Release|x86.Build.0 = Release|Win32
		{49E752BA-00B5-3C55-9E80-263A6B5502E7}.Release-MT|x64.ActiveCfg = Debug|Win32
		{49E752BA-00B5-3C55-9E80-263A6B5502E7}.Release-MT|x64.Build.0 = Debug|Win32
		{49E752BA-00B5-3C55-9E80-263A6B5502E7}.Release-MT|x86.ActiveCfg = Release|Win32
		{49E752BA-00B5-3C55-9E80-263A6B5502E7}.Release-MT|x86.Build.0 = Release|Win32
		{49E752BA-00B5-3C55-9E80-263A6B5502E7}.RelWithDebInfo|x64.ActiveCfg = RelWithDebInfo|Win32
		{49E752BA-00B5-3C55-9E80-263A6B5502E7}.RelWithDebInfo|x86.ActiveCfg = RelWithDebInfo|Win32
		{49E752BA-00B5-3C55-9E80-263A6B5502E7}.RelWithDebInfo|x86.Build.0 = RelWithDebInfo|Win32
		{72DFF787-0D40-3D07-9AAB-1CB18B969925}.Debug|x64.ActiveCfg = Debug|Win32
		{72DFF787-0D40-3D07-9AAB-1CB18B969925}.Debug|x86.ActiveCfg = Debug|Win32
		{72DFF787-0D40-3D07-9AAB-1CB18B969925}.Debug|x86.Build.0 = Debug|Win32
		{72DFF787-0D40-3D07-9AAB-1CB18B969925}.Debug-MT|x64.ActiveCfg = Debug|Win32
		{72DFF787-0D40-3D07-9AAB-1CB18B969925}.Debug-MT|x64.Build.0 = Debug|Win32
		{72DFF787-0D40-3D07-9AAB-1CB18B969925}.Debug-MT|x86.ActiveCfg = Debug|Win32
		{72DFF787-0D40-3D07-9AAB-1CB18B969925}.Debug-MT|x86.Build.0 = Debug|Win32
		{72DFF787-0D40-3D07-9AAB-1CB18B969925}.MinSizeRel|x64.ActiveCfg = MinSizeRel|Win32
		{72DFF787-0D40-3D07-9AAB-1CB18B969925}.MinSizeRel|x86.ActiveCfg = MinSizeRel|Win32
		{72DFF787-0D40-3D07-9AAB-1CB18B969925}.MinSizeRel|x86.Build.0 = MinSizeRel|Win32
		{72DFF787-0D40-3D07-9AAB-1CB18B969925}.Release|x64.ActiveCfg = Release|Win32
		{72DFF787-0D40-3D07-9AAB-1CB18B969925}.Release|x86.ActiveCfg = Release|Win32
		{72DFF787-0D40-3D07-9AAB-1CB18B969925}.Release|x86.Build.0 = Release|Win32
		{72DFF787-0D40-3D07-9AAB-1CB18B969925}.Release-MT|x64.ActiveCfg = Debug|Win32
		{72DFF787-0D40-3D07-9AAB-1CB18B969925}.Release-MT|x64.Build.0 = Debug|Win32
		{72DFF787-0D40-3D07-9AAB-1CB18B969925}.Release-MT|x86.ActiveCfg = Release|Win32
		{72DFF787-0D40-3D07-9AAB-1CB18B969925}.Release-MT|x86.Build.0 = Release|Win32
		{72DFF787-0D40-3D07-9AAB-1CB18B969925}.RelWithDebInfo|x64.ActiveCfg = RelWithDebInfo|Win32
		{72DFF787-0D40-3D07-9AAB-1CB18B969925}.RelWithDebInfo|x86.ActiveCfg = RelWithDebInfo|Win32
		{72DFF787-0D40-3D07-9AAB-1CB18B969925}.RelWithDebInfo|x86.Build.0 = RelWithDebInfo|Win32
		{A69F569B-DC34-3B84-A8EB-18ECA6B2F4E3}.Debug|x64.ActiveCfg = Debug|Win32
		{A69F569B-DC34-3B84-A8EB-18ECA6B2F4E3}.Debug|x86.ActiveCfg = Debug|Win32
		{A69F569B-DC34-3B84-A8EB-18ECA6B2F4E3}.Debug|x86.Build.0 = Debug|Win32
		{A69F569B-DC34-3B84-A8EB-18ECA6B2F4E3}.Debug-MT|x64.ActiveCfg = Debug|Win32
		{A69F569B-DC34-3B84-A8EB-18ECA6B2F4E3}.Debug-MT|x64.Build.0 = Debug|Win32
		{A69F569B-DC34-3B84-A8EB-18ECA6B2F4E3}.Debug-MT|x86.ActiveCfg = Debug|Win32
		{A69F569B-DC34-3B84-A8EB-18ECA6B2F4E3}.Debug-MT|x86.Build.0 = Debug|Win32
		{A69F569B-DC34-3B84-A8EB-18ECA6B2F4E3}.MinSizeRel|x64.ActiveCfg = MinSizeRel|Win32
		{A69F569B-DC34-3B84-A8EB-18ECA6B2F4E3}.MinSizeRel|x86.ActiveCfg = MinSizeRel|Win32
		{A69F569B-DC34-3B84-A8EB-18ECA6B2F4E3}.MinSizeRel|x86.Build.0 = MinSizeRel|Win32
		{A69F569B-DC34-3B84-A8EB-18ECA6B2F4E3}.Release|x64.ActiveCfg = Release|Win32
		{A69F569B-DC34-3B84-A8EB-18ECA6B2F4E3}.Release|x86.ActiveCfg = Release|Win32
		{A69F569B-DC34-3B84-A8EB-18ECA6B2F4E3}.Release|x86.Build.0 = Release|Win32
		{A69F569B-DC34-3B84-A8EB-18ECA6B2F4E3}.Release-MT|x64.ActiveCfg = Debug|Win32
		{A69F569B-DC34-3B84-A8EB-18ECA6B2F4E3}.Release-MT|x64.Build.0 = Debug|Win32
		{A69F569B-DC34-3B84-A8EB-18ECA6B2F4E3}.Release-MT|x86.ActiveCfg = Release|Win32
		{A69F569B-DC34-3B84-A8EB-18ECA6B2F4E3}.Release-MT|x86.Build.0 = Release|Win32
		{A69F569B-DC34-3B84-A8EB-18ECA6B2F4E3}.RelWithDebInfo|x64.ActiveCfg = RelWithDebInfo|Win32
		{A69F569B-DC34-3B84-A8EB-18ECA6B2F4E3}.RelWithDebInfo|x86.ActiveCfg = RelWithDebInfo|Win32
		{A69F569B-DC34-3B84-A8EB-18ECA6B2F4E3}.RelWithDebInfo|x86.Build.0 = RelWithDebInfo|Win32
		{195A366C-EE04-3D88-8B2E-13FB5EC680E2}.Debug|x64.ActiveCfg = Debug|Win32
		{195A366C-EE04-3D88-8B2E-13FB5EC680E2}.Debug|x86.ActiveCfg = Debug|Win32
		{195A366C-EE04-3D88-8B2E-13FB5EC680E2}.Debug|x86.Build.0 = Debug|Win32
		{195A366C-EE04-3D88-8B2E-13FB5EC680E2}.Debug-MT|x64.ActiveCfg = Debug|Win32
		{195A366C-EE04-3D88-8B2E-13FB5EC680E2}.Debug-MT|x64.Build.0 = Debug|Win32
		{195A366C-EE04-3D88-8B2E-13FB5EC680E2}.Debug-MT|x86.ActiveCfg = Debug|Win32
		{195A366C-EE04-3D88-8B2E-13FB5EC680E2}.Debug-MT|x86.Build.0 = Debug|Win32
		{195A366C-EE04-3D88-8B2E-13FB5EC680E2}.MinSizeRel|x64.ActiveCfg = MinSizeRel|Win32
		{195A366C-EE04-3D88-8B2E-13FB5EC680E2}.MinSizeRel|x86.ActiveCfg = MinSizeRel|Win32
		{195A366C-EE04-3D88-8B2E-13FB5EC680E2}.MinSizeRel|x86.Build.0 = MinSizeRel|Win32
		{195A366C-EE04-3D88-8B2E-13FB5EC680E2}.Release|x64.ActiveCfg = Release|Win32
		{195A366C-EE04-3D88-8B2E-13FB5EC680E2}.Release|x86.ActiveCfg = Release|Win32
		{195A366C-EE04-3D88-8B2E-13FB5EC680E2}.Release|x86.Build.0 = Release|Win32
		{195A366C-EE04-3D88-8B2E-13FB5EC680E2}.Release-MT|x64.ActiveCfg = Debug|Win32
		{195A366C-EE04-3D88-8B2E-13FB5EC680E2}.Release-MT|x64.Build.0 = Debug|Win32
		{195A366C-EE04-3D88-8B2E-13FB5EC680E2}.Release-MT|x86.ActiveCfg = Release|Win32
		{195A366C-EE04-3D88-8B2E-13FB5EC680E2}.Release-MT|x86.Build.0 = Release|Win32
		{195A366C-EE04-3D88-8B2E-13FB5EC680E2}.RelWithDebInfo|x64.ActiveCfg = RelWithDebInfo|Win32
		{195A366C-EE04-3D88-8B2E-13FB5EC680E2}.RelWithDebInfo|x86.ActiveCfg = RelWithDebInfo|Win32
		{195A366C-EE04-3D88-8B2E-13FB5EC680E2}.RelWithDebInfo|x86.Build.0 = RelWithDebInfo|Win32
	EndGlobalSection
	GlobalSection(SolutionProperties) = preSolution
		HideSolutionNode = FALSE
	EndGlobalSection
	GlobalSection(ExtensibilityGlobals) = postSolution
		SolutionGuid = {C6D5404D-A5D2-4422-9006-89C3AF5E86C0}
	EndGlobalSection
EndGlobal
