<?xml version="1.0" encoding="utf-8"?>
<Project ToolsVersion="4.0" xmlns="http://schemas.microsoft.com/developer/msbuild/2003">
  <ItemGroup>
    <ClCompile Include="..\fivem\vendor\tbb\src\tbb\arena.cpp" />
    <ClCompile Include="..\fivem\vendor\tbb\src\tbb\cache_aligned_allocator.cpp" />
    <ClCompile Include="..\fivem\vendor\tbb\src\tbb\concurrent_hash_map.cpp" />
    <ClCompile Include="..\fivem\vendor\tbb\src\tbb\concurrent_monitor.cpp" />
    <ClCompile Include="..\fivem\vendor\tbb\src\tbb\concurrent_queue.cpp" />
    <ClCompile Include="..\fivem\vendor\tbb\src\tbb\concurrent_vector.cpp" />
    <ClCompile Include="..\fivem\vendor\tbb\src\tbb\condition_variable.cpp" />
    <ClCompile Include="..\fivem\vendor\tbb\src\tbb\critical_section.cpp" />
    <ClCompile Include="..\fivem\vendor\tbb\src\tbb\dynamic_link.cpp" />
    <ClCompile Include="..\fivem\vendor\tbb\src\tbb\governor.cpp" />
    <ClCompile Include="..\fivem\vendor\tbb\src\tbb\itt_notify.cpp" />
    <ClCompile Include="..\fivem\vendor\tbb\src\tbb\market.cpp" />
    <ClCompile Include="..\fivem\vendor\tbb\src\tbb\mutex.cpp" />
    <ClCompile Include="..\fivem\vendor\tbb\src\tbb\observer_proxy.cpp" />
    <ClCompile Include="..\fivem\vendor\tbb\src\tbb\pipeline.cpp" />
    <ClCompile Include="..\fivem\vendor\tbb\src\tbb\private_server.cpp" />
    <ClCompile Include="..\fivem\vendor\tbb\src\tbb\queuing_mutex.cpp" />
    <ClCompile Include="..\fivem\vendor\tbb\src\tbb\queuing_rw_mutex.cpp" />
    <ClCompile Include="..\fivem\vendor\tbb\src\tbb\reader_writer_lock.cpp" />
    <ClCompile Include="..\fivem\vendor\tbb\src\tbb\recursive_mutex.cpp" />
    <ClCompile Include="..\fivem\vendor\tbb\src\tbb\scheduler.cpp" />
    <ClCompile Include="..\fivem\vendor\tbb\src\tbb\semaphore.cpp" />
    <ClCompile Include="..\fivem\vendor\tbb\src\tbb\spin_mutex.cpp" />
    <ClCompile Include="..\fivem\vendor\tbb\src\tbb\spin_rw_mutex.cpp" />
    <ClCompile Include="..\fivem\vendor\tbb\src\tbb\task.cpp" />
    <ClCompile Include="..\fivem\vendor\tbb\src\tbb\task_group_context.cpp" />
    <ClCompile Include="..\fivem\vendor\tbb\src\tbb\tbb_main.cpp" />
    <ClCompile Include="..\fivem\vendor\tbb\src\tbb\tbb_misc.cpp" />
    <ClCompile Include="..\fivem\vendor\tbb\src\tbb\tbb_misc_ex.cpp" />
    <ClCompile Include="..\fivem\vendor\tbb\src\tbb\tbb_statistics.cpp" />
    <ClCompile Include="..\fivem\vendor\tbb\src\tbb\tbb_thread.cpp" />
    <ClCompile Include="..\fivem\vendor\tbb\src\tbb\x86_rtm_rw_mutex.cpp" />
  </ItemGroup>
  <ItemGroup>
    <None Include="exports.def" />
  </ItemGroup>
  <ItemGroup>
    <ResourceCompile Include="..\fivem\vendor\tbb\src\tbb\tbb_resource.rc" />
  </ItemGroup>
  <ItemGroup>
    <Filter Include="ia32-masm">
      <UniqueIdentifier>{1c468834-3e2b-4597-a8ab-a63a7619f14f}</UniqueIdentifier>
    </Filter>
  </ItemGroup>
  <ItemGroup>
    <MASM Include="..\fivem\vendor\tbb\src\tbb\ia32-masm\atomic_support.asm">
      <Filter>ia32-masm</Filter>
    </MASM>
    <MASM Include="..\fivem\vendor\tbb\src\tbb\ia32-masm\itsx.asm">
      <Filter>ia32-masm</Filter>
    </MASM>
    <MASM Include="..\fivem\vendor\tbb\src\tbb\ia32-masm\lock_byte.asm">
      <Filter>ia32-masm</Filter>
    </MASM>
  </ItemGroup>
</Project>